
Microsoft Visual Studio Solution File, Format Version 12.00
# Visual Studio Version 17
VisualStudioVersion = 17.14.37411.7
MinimumVisualStudioVersion = 10.0.40219.1
Project("{FAE04EC0-301F-11D3-BF4B-00C04F79EFBC}") = "OAuthDemo", "OAuthDemo\OAuthDemo.csproj", "{18A6D9FC-61AD-4BD6-AC6D-2FB2E7B78CA9}"
EndProject
Project("{E53339B2-1760-4266-BCC7-CA923CBCF16C}") = "docker-compose", "docker-compose.dcproj", "{81DDED9D-158B-E303-5F62-77A2896D2A5A}"
EndProject
Project("{FAE04EC0-301F-11D3-BF4B-00C04F79EFBC}") = "OrderConsumer", "OrderConsumer\OrderConsumer.csproj", "{7D7DC642-4E32-4ABE-AC5B-563F21CE3E0A}"
EndProject
Global
	GlobalSection(SolutionConfigurationPlatforms) = preSolution
		Debug|Any CPU = Debug|Any CPU
		Release|Any CPU = Release|Any CPU
	EndGlobalSection
	GlobalSection(ProjectConfigurationPlatforms) = postSolution
		{18A6D9FC-61AD-4BD6-AC6D-2FB2E7B78CA9}.Debug|Any CPU.ActiveCfg = Debug|Any CPU
		{18A6D9FC-61AD-4BD6-AC6D-2FB2E7B78CA9}.Debug|Any CPU.Build.0 = Debug|Any CPU
		{18A6D9FC-61AD-4BD6-AC6D-2FB2E7B78CA9}.Release|Any CPU.ActiveCfg = Release|Any CPU
		{18A6D9FC-61AD-4BD6-AC6D-2FB2E7B78CA9}.Release|Any CPU.Build.0 = Release|Any CPU
		{81DDED9D-158B-E303-5F62-77A2896D2A5A}.Debug|Any CPU.ActiveCfg = Debug|Any CPU
		{81DDED9D-158B-E303-5F62-77A2896D2A5A}.Debug|Any CPU.Build.0 = Debug|Any CPU
		{81DDED9D-158B-E303-5F62-77A2896D2A5A}.Release|Any CPU.ActiveCfg = Release|Any CPU
		{81DDED9D-158B-E303-5F62-77A2896D2A5A}.Release|Any CPU.Build.0 = Release|Any CPU
		{7D7DC642-4E32-4ABE-AC5B-563F21CE3E0A}.Debug|Any CPU.ActiveCfg = Debug|Any CPU
		{7D7DC642-4E32-4ABE-AC5B-563F21CE3E0A}.Debug|Any CPU.Build.0 = Debug|Any CPU
		{7D7DC642-4E32-4ABE-AC5B-563F21CE3E0A}.Release|Any CPU.ActiveCfg = Release|Any CPU
		{7D7DC642-4E32-4ABE-AC5B-563F21CE3E0A}.Release|Any CPU.Build.0 = Release|Any CPU
	EndGlobalSection
	GlobalSection(SolutionProperties) = preSolution
		HideSolutionNode = FALSE
	EndGlobalSection
	GlobalSection(ExtensibilityGlobals) = postSolution
		SolutionGuid = {50D90B92-A740-46CC-BEAA-A16214D9B957}
	EndGlobalSection
EndGlobal
